// !$*UTF8*$!
{
	archiveVersion = 1;
	classes = {
	};
	objectVersion = 56;
	objects = {

/* Begin PBXBuildFile section */
		9C99416F2BCED7A100C8D263 /* QrApp.swift in Sources */ = {isa = PBXBuildFile; fileRef = 9C99416E2BCED7A100C8D263 /* QrApp.swift */; };
		9C9941732BCED7A400C8D263 /* Assets.xcassets in Resources */ = {isa = PBXBuildFile; fileRef = 9C9941722BCED7A400C8D263 /* Assets.xcassets */; };
		9C9941772BCED7A400C8D263 /* Preview Assets.xcassets in Resources */ = {isa = PBXBuildFile; fileRef = 9C9941762BCED7A400C8D263 /* Preview Assets.xcassets */; };
		9CEE2EFC2BCEDAA900242C1D /* pixelpass in Frameworks */ = {isa = PBXBuildFile; productRef = 9CEE2EFB2BCEDAA900242C1D /* pixelpass */; };
		9CEE2EFF2BCEDB5E00242C1D /* pixelpass in Frameworks */ = {isa = PBXBuildFile; productRef = 9CEE2EFE2BCEDB5E00242C1D /* pixelpass */; };
		9CEE2F022BCEDC0E00242C1D /* pixelpass in Frameworks */ = {isa = PBXBuildFile; productRef = 9CEE2F012BCEDC0E00242C1D /* pixelpass */; };
		9CEE2F052BCEDC7500242C1D /* pixelpass in Frameworks */ = {isa = PBXBuildFile; productRef = 9CEE2F042BCEDC7500242C1D /* pixelpass */; };
		9CEE2F082BCEDD1500242C1D /* pixelpass in Frameworks */ = {isa = PBXBuildFile; productRef = 9CEE2F072BCEDD1500242C1D /* pixelpass */; };
		9CEE2F0A2BCEDDCE00242C1D /* pixelpass in Frameworks */ = {isa = PBXBuildFile; productRef = 9CEE2F092BCEDDCE00242C1D /* pixelpass */; };
		9CEE2F0D2BCEDDEE00242C1D /* pixelpass in Frameworks */ = {isa = PBXBuildFile; productRef = 9CEE2F0C2BCEDDEE00242C1D /* pixelpass */; };
		9CEE2F102BCEDF4700242C1D /* pixelpass in Frameworks */ = {isa = PBXBuildFile; productRef = 9CEE2F0F2BCEDF4700242C1D /* pixelpass */; };
/* End PBXBuildFile section */

/* Begin PBXContainerItemProxy section */
		9C99417D2BCED7A400C8D263 /* PBXContainerItemProxy */ = {
			isa = PBXContainerItemProxy;
			containerPortal = 9C9941632BCED7A100C8D263 /* Project object */;
			proxyType = 1;
			remoteGlobalIDString = 9C99416A2BCED7A100C8D263;
			remoteInfo = Qr;
		};
		9C9941872BCED7A400C8D263 /* PBXContainerItemProxy */ = {
			isa = PBXContainerItemProxy;
			containerPortal = 9C9941632BCED7A100C8D263 /* Project object */;
			proxyType = 1;
			remoteGlobalIDString = 9C99416A2BCED7A100C8D263;
			remoteInfo = Qr;
		};
/* End PBXContainerItemProxy section */

/* Begin PBXFileReference section */
		9C99416B2BCED7A100C8D263 /* Qr.app */ = {isa = PBXFileReference; explicitFileType = wrapper.application; includeInIndex = 0; path = Qr.app; sourceTree = BUILT_PRODUCTS_DIR; };
		9C99416E2BCED7A100C8D263 /* QrApp.swift */ = {isa = PBXFileReference; lastKnownFileType = sourcecode.swift; path = QrApp.swift; sourceTree = "<group>"; };
		9C9941722BCED7A400C8D263 /* Assets.xcassets */ = {isa = PBXFileReference; lastKnownFileType = folder.assetcatalog; path = Assets.xcassets; sourceTree = "<group>"; };
		9C9941742BCED7A400C8D263 /* Qr.entitlements */ = {isa = PBXFileReference; lastKnownFileType = text.plist.entitlements; path = Qr.entitlements; sourceTree = "<group>"; };
		9C9941762BCED7A400C8D263 /* Preview Assets.xcassets */ = {isa = PBXFileReference; lastKnownFileType = folder.assetcatalog; path = "Preview Assets.xcassets"; sourceTree = "<group>"; };
		9C99417C2BCED7A400C8D263 /* QrTests.xctest */ = {isa = PBXFileReference; explicitFileType = wrapper.cfbundle; includeInIndex = 0; path = QrTests.xctest; sourceTree = BUILT_PRODUCTS_DIR; };
		9C9941862BCED7A400C8D263 /* QrUITests.xctest */ = {isa = PBXFileReference; explicitFileType = wrapper.cfbundle; includeInIndex = 0; path = QrUITests.xctest; sourceTree = BUILT_PRODUCTS_DIR; };
/* End PBXFileReference section */

/* Begin PBXFrameworksBuildPhase section */
		9C9941682BCED7A100C8D263 /* Frameworks */ = {
			isa = PBXFrameworksBuildPhase;
			buildActionMask = 2147483647;
			files = (
				9CEE2EFF2BCEDB5E00242C1D /* pixelpass in Frameworks */,
				9CEE2EFC2BCEDAA900242C1D /* pixelpass in Frameworks */,
				9CEE2F102BCEDF4700242C1D /* pixelpass in Frameworks */,
				9CEE2F0A2BCEDDCE00242C1D /* pixelpass in Frameworks */,
				9CEE2F052BCEDC7500242C1D /* pixelpass in Frameworks */,
				9CEE2F082BCEDD1500242C1D /* pixelpass in Frameworks */,
				9CEE2F0D2BCEDDEE00242C1D /* pixelpass in Frameworks */,
				9CEE2F022BCEDC0E00242C1D /* pixelpass in Frameworks */,
			);
			runOnlyForDeploymentPostprocessing = 0;
		};
		9C9941792BCED7A400C8D263 /* Frameworks */ = {
			isa = PBXFrameworksBuildPhase;
			buildActionMask = 2147483647;
			files = (
			);
			runOnlyForDeploymentPostprocessing = 0;
		};
		9C9941832BCED7A400C8D263 /* Frameworks */ = {
			isa = PBXFrameworksBuildPhase;
			buildActionMask = 2147483647;
			files = (
			);
			runOnlyForDeploymentPostprocessing = 0;
		};
/* End PBXFrameworksBuildPhase section */

/* Begin PBXGroup section */
		9C9941622BCED7A100C8D263 = {
			isa = PBXGroup;
			children = (
				9C99416D2BCED7A100C8D263 /* Qr */,
				9C99416C2BCED7A100C8D263 /* Products */,
			);
			sourceTree = "<group>";
		};
		9C99416C2BCED7A100C8D263 /* Products */ = {
			isa = PBXGroup;
			children = (
				9C99416B2BCED7A100C8D263 /* Qr.app */,
				9C99417C2BCED7A400C8D263 /* QrTests.xctest */,
				9C9941862BCED7A400C8D263 /* QrUITests.xctest */,
			);
			name = Products;
			sourceTree = "<group>";
		};
		9C99416D2BCED7A100C8D263 /* Qr */ = {
			isa = PBXGroup;
			children = (
				9C99416E2BCED7A100C8D263 /* QrApp.swift */,
				9C9941722BCED7A400C8D263 /* Assets.xcassets */,
				9C9941742BCED7A400C8D263 /* Qr.entitlements */,
				9C9941752BCED7A400C8D263 /* Preview Content */,
			);
			path = Qr;
			sourceTree = "<group>";
		};
		9C9941752BCED7A400C8D263 /* Preview Content */ = {
			isa = PBXGroup;
			children = (
				9C9941762BCED7A400C8D263 /* Preview Assets.xcassets */,
			);
			path = "Preview Content";
			sourceTree = "<group>";
		};
/* End PBXGroup section */

/* Begin PBXNativeTarget section */
		9C99416A2BCED7A100C8D263 /* Qr */ = {
			isa = PBXNativeTarget;
			buildConfigurationList = 9C9941902BCED7A400C8D263 /* Build configuration list for PBXNativeTarget "Qr" */;
			buildPhases = (
				9C9941672BCED7A100C8D263 /* Sources */,
				9C9941682BCED7A100C8D263 /* Frameworks */,
				9C9941692BCED7A100C8D263 /* Resources */,
			);
			buildRules = (
			);
			dependencies = (
			);
			name = Qr;
			packageProductDependencies = (
				9CEE2EFB2BCEDAA900242C1D /* pixelpass */,
				9CEE2EFE2BCEDB5E00242C1D /* pixelpass */,
				9CEE2F012BCEDC0E00242C1D /* pixelpass */,
				9CEE2F042BCEDC7500242C1D /* pixelpass */,
				9CEE2F072BCEDD1500242C1D /* pixelpass */,
				9CEE2F092BCEDDCE00242C1D /* pixelpass */,
				9CEE2F0C2BCEDDEE00242C1D /* pixelpass */,
				9CEE2F0F2BCEDF4700242C1D /* pixelpass */,
			);
			productName = Qr;
			productReference = 9C99416B2BCED7A100C8D263 /* Qr.app */;
			productType = "com.apple.product-type.application";
		};
		9C99417B2BCED7A400C8D263 /* QrTests */ = {
			isa = PBXNativeTarget;
			buildConfigurationList = 9C9941932BCED7A400C8D263 /* Build configuration list for PBXNativeTarget "QrTests" */;
			buildPhases = (
				9C9941782BCED7A400C8D263 /* Sources */,
				9C9941792BCED7A400C8D263 /* Frameworks */,
				9C99417A2BCED7A400C8D263 /* Resources */,
			);
			buildRules = (
			);
			dependencies = (
				9C99417E2BCED7A400C8D263 /* PBXTargetDependency */,
			);
			name = QrTests;
			productName = QrTests;
			productReference = 9C99417C2BCED7A400C8D263 /* QrTests.xctest */;
			productType = "com.apple.product-type.bundle.unit-test";
		};
		9C9941852BCED7A400C8D263 /* QrUITests */ = {
			isa = PBXNativeTarget;
			buildConfigurationList = 9C9941962BCED7A400C8D263 /* Build configuration list for PBXNativeTarget "QrUITests" */;
			buildPhases = (
				9C9941822BCED7A400C8D263 /* Sources */,
				9C9941832BCED7A400C8D263 /* Frameworks */,
				9C9941842BCED7A400C8D263 /* Resources */,
			);
			buildRules = (
			);
			dependencies = (
				9C9941882BCED7A400C8D263 /* PBXTargetDependency */,
			);
			name = QrUITests;
			productName = QrUITests;
			productReference = 9C9941862BCED7A400C8D263 /* QrUITests.xctest */;
			productType = "com.apple.product-type.bundle.ui-testing";
		};
/* End PBXNativeTarget section */

/* Begin PBXProject section */
		9C9941632BCED7A100C8D263 /* Project object */ = {
			isa = PBXProject;
			attributes = {
				BuildIndependentTargetsInParallel = 1;
				LastSwiftUpdateCheck = 1530;
				LastUpgradeCheck = 1530;
				TargetAttributes = {
					9C99416A2BCED7A100C8D263 = {
						CreatedOnToolsVersion = 15.3;
					};
					9C99417B2BCED7A400C8D263 = {
						CreatedOnToolsVersion = 15.3;
						TestTargetID = 9C99416A2BCED7A100C8D263;
					};
					9C9941852BCED7A400C8D263 = {
						CreatedOnToolsVersion = 15.3;
						TestTargetID = 9C99416A2BCED7A100C8D263;
					};
				};
			};
			buildConfigurationList = 9C9941662BCED7A100C8D263 /* Build configuration list for PBXProject "Qr" */;
			compatibilityVersion = "Xcode 14.0";
			developmentRegion = en;
			hasScannedForEncodings = 0;
			knownRegions = (
				en,
				Base,
			);
			mainGroup = 9C9941622BCED7A100C8D263;
			packageReferences = (
				9CEE2F0E2BCEDF4700242C1D /* XCRemoteSwiftPackageReference "pixelates" */,
			);
			productRefGroup = 9C99416C2BCED7A100C8D263 /* Products */;
			projectDirPath = "";
			projectRoot = "";
			targets = (
				9C99416A2BCED7A100C8D263 /* Qr */,
				9C99417B2BCED7A400C8D263 /* QrTests */,
				9C9941852BCED7A400C8D263 /* QrUITests */,
			);
		};
/* End PBXProject section */

/* Begin PBXResourcesBuildPhase section */
		9C9941692BCED7A100C8D263 /* Resources */ = {
			isa = PBXResourcesBuildPhase;
			buildActionMask = 2147483647;
			files = (
				9C9941772BCED7A400C8D263 /* Preview Assets.xcassets in Resources */,
				9C9941732BCED7A400C8D263 /* Assets.xcassets in Resources */,
			);
			runOnlyForDeploymentPostprocessing = 0;
		};
		9C99417A2BCED7A400C8D263 /* Resources */ = {
			isa = PBXResourcesBuildPhase;
			buildActionMask = 2147483647;
			files = (
			);
			runOnlyForDeploymentPostprocessing = 0;
		};
		9C9941842BCED7A400C8D263 /* Resources */ = {
			isa = PBXResourcesBuildPhase;
			buildActionMask = 2147483647;
			files = (
			);
			runOnlyForDeploymentPostprocessing = 0;
		};
/* End PBXResourcesBuildPhase section */

/* Begin PBXSourcesBuildPhase section */
		9C9941672BCED7A100C8D263 /* Sources */ = {
			isa = PBXSourcesBuildPhase;
			buildActionMask = 2147483647;
			files = (
				9C99416F2BCED7A100C8D263 /* QrApp.swift in Sources */,
			);
			runOnlyForDeploymentPostprocessing = 0;
		};
		9C9941782BCED7A400C8D263 /* Sources */ = {
			isa = PBXSourcesBuildPhase;
			buildActionMask = 2147483647;
			files = (
			);
			runOnlyForDeploymentPostprocessing = 0;
		};
		9C9941822BCED7A400C8D263 /* Sources */ = {
			isa = PBXSourcesBuildPhase;
			buildActionMask = 2147483647;
			files = (
			);
			runOnlyForDeploymentPostprocessing = 0;
		};
/* End PBXSourcesBuildPhase section */

/* Begin PBXTargetDependency section */
		9C99417E2BCED7A400C8D263 /* PBXTargetDependency */ = {
			isa = PBXTargetDependency;
			target = 9C99416A2BCED7A100C8D263 /* Qr */;
			targetProxy = 9C99417D2BCED7A400C8D263 /* PBXContainerItemProxy */;
		};
		9C9941882BCED7A400C8D263 /* PBXTargetDependency */ = {
			isa = PBXTargetDependency;
			target = 9C99416A2BCED7A100C8D263 /* Qr */;
			targetProxy = 9C9941872BCED7A400C8D263 /* PBXContainerItemProxy */;
		};
/* End PBXTargetDependency section */

/* Begin XCBuildConfiguration section */
		9C99418E2BCED7A400C8D263 /* Debug */ = {
			isa = XCBuildConfiguration;
			buildSettings = {
				ALWAYS_SEARCH_USER_PATHS = NO;
				ASSETCATALOG_COMPILER_GENERATE_SWIFT_ASSET_SYMBOL_EXTENSIONS = YES;
				CLANG_ANALYZER_NONNULL = YES;
				CLANG_ANALYZER_NUMBER_OBJECT_CONVERSION = YES_AGGRESSIVE;
				CLANG_CXX_LANGUAGE_STANDARD = "gnu++20";
				CLANG_ENABLE_MODULES = YES;
				CLANG_ENABLE_OBJC_ARC = YES;
				CLANG_ENABLE_OBJC_WEAK = YES;
				CLANG_WARN_BLOCK_CAPTURE_AUTORELEASING = YES;
				CLANG_WARN_BOOL_CONVERSION = YES;
				CLANG_WARN_COMMA = YES;
				CLANG_WARN_CONSTANT_CONVERSION = YES;
				CLANG_WARN_DEPRECATED_OBJC_IMPLEMENTATIONS = YES;
				CLANG_WARN_DIRECT_OBJC_ISA_USAGE = YES_ERROR;
				CLANG_WARN_DOCUMENTATION_COMMENTS = YES;
				CLANG_WARN_EMPTY_BODY = YES;
				CLANG_WARN_ENUM_CONVERSION = YES;
				CLANG_WARN_INFINITE_RECURSION = YES;
				CLANG_WARN_INT_CONVERSION = YES;
				CLANG_WARN_NON_LITERAL_NULL_CONVERSION = YES;
				CLANG_WARN_OBJC_IMPLICIT_RETAIN_SELF = YES;
				CLANG_WARN_OBJC_LITERAL_CONVERSION = YES;
				CLANG_WARN_OBJC_ROOT_CLASS = YES_ERROR;
				CLANG_WARN_QUOTED_INCLUDE_IN_FRAMEWORK_HEADER = YES;
				CLANG_WARN_RANGE_LOOP_ANALYSIS = YES;
				CLANG_WARN_STRICT_PROTOTYPES = YES;
				CLANG_WARN_SUSPICIOUS_MOVE = YES;
				CLANG_WARN_UNGUARDED_AVAILABILITY = YES_AGGRESSIVE;
				CLANG_WARN_UNREACHABLE_CODE = YES;
				CLANG_WARN__DUPLICATE_METHOD_MATCH = YES;
				COPY_PHASE_STRIP = NO;
				DEBUG_INFORMATION_FORMAT = dwarf;
				ENABLE_STRICT_OBJC_MSGSEND = YES;
				ENABLE_TESTABILITY = YES;
				ENABLE_USER_SCRIPT_SANDBOXING = YES;
				GCC_C_LANGUAGE_STANDARD = gnu17;
				GCC_DYNAMIC_NO_PIC = NO;
				GCC_NO_COMMON_BLOCKS = YES;
				GCC_OPTIMIZATION_LEVEL = 0;
				GCC_PREPROCESSOR_DEFINITIONS = (
					"DEBUG=1",
					"$(inherited)",
				);
				GCC_WARN_64_TO_32_BIT_CONVERSION = YES;
				GCC_WARN_ABOUT_RETURN_TYPE = YES_ERROR;
				GCC_WARN_UNDECLARED_SELECTOR = YES;
				GCC_WARN_UNINITIALIZED_AUTOS = YES_AGGRESSIVE;
				GCC_WARN_UNUSED_FUNCTION = YES;
				GCC_WARN_UNUSED_VARIABLE = YES;
				LOCALIZATION_PREFERS_STRING_CATALOGS = YES;
				MTL_ENABLE_DEBUG_INFO = INCLUDE_SOURCE;
				MTL_FAST_MATH = YES;
				ONLY_ACTIVE_ARCH = YES;
				SWIFT_ACTIVE_COMPILATION_CONDITIONS = "DEBUG $(inherited)";
				SWIFT_OPTIMIZATION_LEVEL = "-Onone";
			};
			name = Debug;
		};
		9C99418F2BCED7A400C8D263 /* Release */ = {
			isa = XCBuildConfiguration;
			buildSettings = {
				ALWAYS_SEARCH_USER_PATHS = NO;
				ASSETCATALOG_COMPILER_GENERATE_SWIFT_ASSET_SYMBOL_EXTENSIONS = YES;
				CLANG_ANALYZER_NONNULL = YES;
				CLANG_ANALYZER_NUMBER_OBJECT_CONVERSION = YES_AGGRESSIVE;
				CLANG_CXX_LANGUAGE_STANDARD = "gnu++20";
				CLANG_ENABLE_MODULES = YES;
				CLANG_ENABLE_OBJC_ARC = YES;
				CLANG_ENABLE_OBJC_WEAK = YES;
				CLANG_WARN_BLOCK_CAPTURE_AUTORELEASING = YES;
				CLANG_WARN_BOOL_CONVERSION = YES;
				CLANG_WARN_COMMA = YES;
				CLANG_WARN_CONSTANT_CONVERSION = YES;
				CLANG_WARN_DEPRECATED_OBJC_IMPLEMENTATIONS = YES;
				CLANG_WARN_DIRECT_OBJC_ISA_USAGE = YES_ERROR;
				CLANG_WARN_DOCUMENTATION_COMMENTS = YES;
				CLANG_WARN_EMPTY_BODY = YES;
				CLANG_WARN_ENUM_CONVERSION = YES;
				CLANG_WARN_INFINITE_RECURSION = YES;
				CLANG_WARN_INT_CONVERSION = YES;
				CLANG_WARN_NON_LITERAL_NULL_CONVERSION = YES;
				CLANG_WARN_OBJC_IMPLICIT_RETAIN_SELF = YES;
				CLANG_WARN_OBJC_LITERAL_CONVERSION = YES;
				CLANG_WARN_OBJC_ROOT_CLASS = YES_ERROR;
				CLANG_WARN_QUOTED_INCLUDE_IN_FRAMEWORK_HEADER = YES;
				CLANG_WARN_RANGE_LOOP_ANALYSIS = YES;
				CLANG_WARN_STRICT_PROTOTYPES = YES;
				CLANG_WARN_SUSPICIOUS_MOVE = YES;
				CLANG_WARN_UNGUARDED_AVAILABILITY = YES_AGGRESSIVE;
				CLANG_WARN_UNREACHABLE_CODE = YES;
				CLANG_WARN__DUPLICATE_METHOD_MATCH = YES;
				COPY_PHASE_STRIP = NO;
				DEBUG_INFORMATION_FORMAT = "dwarf-with-dsym";
				ENABLE_NS_ASSERTIONS = NO;
				ENABLE_STRICT_OBJC_MSGSEND = YES;
				ENABLE_USER_SCRIPT_SANDBOXING = YES;
				GCC_C_LANGUAGE_STANDARD = gnu17;
				GCC_NO_COMMON_BLOCKS = YES;
				GCC_WARN_64_TO_32_BIT_CONVERSION = YES;
				GCC_WARN_ABOUT_RETURN_TYPE = YES_ERROR;
				GCC_WARN_UNDECLARED_SELECTOR = YES;
				GCC_WARN_UNINITIALIZED_AUTOS = YES_AGGRESSIVE;
				GCC_WARN_UNUSED_FUNCTION = YES;
				GCC_WARN_UNUSED_VARIABLE = YES;
				LOCALIZATION_PREFERS_STRING_CATALOGS = YES;
				MTL_ENABLE_DEBUG_INFO = NO;
				MTL_FAST_MATH = YES;
				SWIFT_COMPILATION_MODE = wholemodule;
			};
			name = Release;
		};
		9C9941912BCED7A400C8D263 /* Debug */ = {
			isa = XCBuildConfiguration;
			buildSettings = {
				ASSETCATALOG_COMPILER_APPICON_NAME = AppIcon;
				ASSETCATALOG_COMPILER_GLOBAL_ACCENT_COLOR_NAME = AccentColor;
				CODE_SIGN_ENTITLEMENTS = Qr/Qr.entitlements;
				CODE_SIGN_STYLE = Automatic;
				CURRENT_PROJECT_VERSION = 1;
				DEVELOPMENT_ASSET_PATHS = "\"Qr/Preview Content\"";
				DEVELOPMENT_TEAM = 4A7PBH5A86;
				ENABLE_HARDENED_RUNTIME = YES;
				ENABLE_PREVIEWS = YES;
				GENERATE_INFOPLIST_FILE = YES;
				"INFOPLIST_KEY_UIApplicationSceneManifest_Generation[sdk=iphoneos*]" = YES;
				"INFOPLIST_KEY_UIApplicationSceneManifest_Generation[sdk=iphonesimulator*]" = YES;
				"INFOPLIST_KEY_UIApplicationSupportsIndirectInputEvents[sdk=iphoneos*]" = YES;
				"INFOPLIST_KEY_UIApplicationSupportsIndirectInputEvents[sdk=iphonesimulator*]" = YES;
				"INFOPLIST_KEY_UILaunchScreen_Generation[sdk=iphoneos*]" = YES;
				"INFOPLIST_KEY_UILaunchScreen_Generation[sdk=iphonesimulator*]" = YES;
				"INFOPLIST_KEY_UIStatusBarStyle[sdk=iphoneos*]" = UIStatusBarStyleDefault;
				"INFOPLIST_KEY_UIStatusBarStyle[sdk=iphonesimulator*]" = UIStatusBarStyleDefault;
				INFOPLIST_KEY_UISupportedInterfaceOrientations_iPad = "UIInterfaceOrientationPortrait UIInterfaceOrientationPortraitUpsideDown UIInterfaceOrientationLandscapeLeft UIInterfaceOrientationLandscapeRight";
				INFOPLIST_KEY_UISupportedInterfaceOrientations_iPhone = "UIInterfaceOrientationPortrait UIInterfaceOrientationLandscapeLeft UIInterfaceOrientationLandscapeRight";
				IPHONEOS_DEPLOYMENT_TARGET = 17.4;
				LD_RUNPATH_SEARCH_PATHS = "@executable_path/Frameworks";
				"LD_RUNPATH_SEARCH_PATHS[sdk=macosx*]" = "@executable_path/../Frameworks";
				MACOSX_DEPLOYMENT_TARGET = 14.4;
				MARKETING_VERSION = 1.0;
				PRODUCT_BUNDLE_IDENTIFIER = thoughtworks.Qr;
				PRODUCT_NAME = "$(TARGET_NAME)";
				SDKROOT = auto;
				SUPPORTED_PLATFORMS = "iphoneos iphonesimulator macosx";
				SWIFT_EMIT_LOC_STRINGS = YES;
				SWIFT_VERSION = 5.0;
				TARGETED_DEVICE_FAMILY = "1,2";
			};
			name = Debug;
		};
		9C9941922BCED7A400C8D263 /* Release */ = {
			isa = XCBuildConfiguration;
			buildSettings = {
				ASSETCATALOG_COMPILER_APPICON_NAME = AppIcon;
				ASSETCATALOG_COMPILER_GLOBAL_ACCENT_COLOR_NAME = AccentColor;
				CODE_SIGN_ENTITLEMENTS = Qr/Qr.entitlements;
				CODE_SIGN_STYLE = Automatic;
				CURRENT_PROJECT_VERSION = 1;
				DEVELOPMENT_ASSET_PATHS = "\"Qr/Preview Content\"";
				DEVELOPMENT_TEAM = 4A7PBH5A86;
				ENABLE_HARDENED_RUNTIME = YES;
				ENABLE_PREVIEWS = YES;
				GENERATE_INFOPLIST_FILE = YES;
				"INFOPLIST_KEY_UIApplicationSceneManifest_Generation[sdk=iphoneos*]" = YES;
				"INFOPLIST_KEY_UIApplicationSceneManifest_Generation[sdk=iphonesimulator*]" = YES;
				"INFOPLIST_KEY_UIApplicationSupportsIndirectInputEvents[sdk=iphoneos*]" = YES;
				"INFOPLIST_KEY_UIApplicationSupportsIndirectInputEvents[sdk=iphonesimulator*]" = YES;
				"INFOPLIST_KEY_UILaunchScreen_Generation[sdk=iphoneos*]" = YES;
				"INFOPLIST_KEY_UILaunchScreen_Generation[sdk=iphonesimulator*]" = YES;
				"INFOPLIST_KEY_UIStatusBarStyle[sdk=iphoneos*]" = UIStatusBarStyleDefault;
				"INFOPLIST_KEY_UIStatusBarStyle[sdk=iphonesimulator*]" = UIStatusBarStyleDefault;
				INFOPLIST_KEY_UISupportedInterfaceOrientations_iPad = "UIInterfaceOrientationPortrait UIInterfaceOrientationPortraitUpsideDown UIInterfaceOrientationLandscapeLeft UIInterfaceOrientationLandscapeRight";
				INFOPLIST_KEY_UISupportedInterfaceOrientations_iPhone = "UIInterfaceOrientationPortrait UIInterfaceOrientationLandscapeLeft UIInterfaceOrientationLandscapeRight";
				IPHONEOS_DEPLOYMENT_TARGET = 17.4;
				LD_RUNPATH_SEARCH_PATHS = "@executable_path/Frameworks";
				"LD_RUNPATH_SEARCH_PATHS[sdk=macosx*]" = "@executable_path/../Frameworks";
				MACOSX_DEPLOYMENT_TARGET = 14.4;
				MARKETING_VERSION = 1.0;
				PRODUCT_BUNDLE_IDENTIFIER = thoughtworks.Qr;
				PRODUCT_NAME = "$(TARGET_NAME)";
				SDKROOT = auto;
				SUPPORTED_PLATFORMS = "iphoneos iphonesimulator macosx";
				SWIFT_EMIT_LOC_STRINGS = YES;
				SWIFT_VERSION = 5.0;
				TARGETED_DEVICE_FAMILY = "1,2";
			};
			name = Release;
		};
		9C9941942BCED7A400C8D263 /* Debug */ = {
			isa = XCBuildConfiguration;
			buildSettings = {
				ALWAYS_EMBED_SWIFT_STANDARD_LIBRARIES = YES;
				BUNDLE_LOADER = "$(TEST_HOST)";
				CODE_SIGN_STYLE = Automatic;
				CURRENT_PROJECT_VERSION = 1;
				DEVELOPMENT_TEAM = 4A7PBH5A86;
				GENERATE_INFOPLIST_FILE = YES;
				IPHONEOS_DEPLOYMENT_TARGET = 17.4;
				MACOSX_DEPLOYMENT_TARGET = 14.4;
				MARKETING_VERSION = 1.0;
				PRODUCT_BUNDLE_IDENTIFIER = thoughtworks.QrTests;
				PRODUCT_NAME = "$(TARGET_NAME)";
				SDKROOT = auto;
				SUPPORTED_PLATFORMS = "iphoneos iphonesimulator macosx";
				SWIFT_EMIT_LOC_STRINGS = NO;
				SWIFT_VERSION = 5.0;
				TARGETED_DEVICE_FAMILY = "1,2";
				TEST_HOST = "$(BUILT_PRODUCTS_DIR)/Qr.app/$(BUNDLE_EXECUTABLE_FOLDER_PATH)/Qr";
			};
			name = Debug;
		};
		9C9941952BCED7A400C8D263 /* Release */ = {
			isa = XCBuildConfiguration;
			buildSettings = {
				ALWAYS_EMBED_SWIFT_STANDARD_LIBRARIES = YES;
				BUNDLE_LOADER = "$(TEST_HOST)";
				CODE_SIGN_STYLE = Automatic;
				CURRENT_PROJECT_VERSION = 1;
				DEVELOPMENT_TEAM = 4A7PBH5A86;
				GENERATE_INFOPLIST_FILE = YES;
				IPHONEOS_DEPLOYMENT_TARGET = 17.4;
				MACOSX_DEPLOYMENT_TARGET = 14.4;
				MARKETING_VERSION = 1.0;
				PRODUCT_BUNDLE_IDENTIFIER = thoughtworks.QrTests;
				PRODUCT_NAME = "$(TARGET_NAME)";
				SDKROOT = auto;
				SUPPORTED_PLATFORMS = "iphoneos iphonesimulator macosx";
				SWIFT_EMIT_LOC_STRINGS = NO;
				SWIFT_VERSION = 5.0;
				TARGETED_DEVICE_FAMILY = "1,2";
				TEST_HOST = "$(BUILT_PRODUCTS_DIR)/Qr.app/$(BUNDLE_EXECUTABLE_FOLDER_PATH)/Qr";
			};
			name = Release;
		};
		9C9941972BCED7A400C8D263 /* Debug */ = {
			isa = XCBuildConfiguration;
			buildSettings = {
				ALWAYS_EMBED_SWIFT_STANDARD_LIBRARIES = YES;
				CODE_SIGN_STYLE = Automatic;
				CURRENT_PROJECT_VERSION = 1;
				DEVELOPMENT_TEAM = 4A7PBH5A86;
				GENERATE_INFOPLIST_FILE = YES;
				IPHONEOS_DEPLOYMENT_TARGET = 17.4;
				MACOSX_DEPLOYMENT_TARGET = 14.4;
				MARKETING_VERSION = 1.0;
				PRODUCT_BUNDLE_IDENTIFIER = thoughtworks.QrUITests;
				PRODUCT_NAME = "$(TARGET_NAME)";
				SDKROOT = auto;
				SUPPORTED_PLATFORMS = "iphoneos iphonesimulator macosx";
				SWIFT_EMIT_LOC_STRINGS = NO;
				SWIFT_VERSION = 5.0;
				TARGETED_DEVICE_FAMILY = "1,2";
				TEST_TARGET_NAME = Qr;
			};
			name = Debug;
		};
		9C9941982BCED7A400C8D263 /* Release */ = {
			isa = XCBuildConfiguration;
			buildSettings = {
				ALWAYS_EMBED_SWIFT_STANDARD_LIBRARIES = YES;
				CODE_SIGN_STYLE = Automatic;
				CURRENT_PROJECT_VERSION = 1;
				DEVELOPMENT_TEAM = 4A7PBH5A86;
				GENERATE_INFOPLIST_FILE = YES;
				IPHONEOS_DEPLOYMENT_TARGET = 17.4;
				MACOSX_DEPLOYMENT_TARGET = 14.4;
				MARKETING_VERSION = 1.0;
				PRODUCT_BUNDLE_IDENTIFIER = thoughtworks.QrUITests;
				PRODUCT_NAME = "$(TARGET_NAME)";
				SDKROOT = auto;
				SUPPORTED_PLATFORMS = "iphoneos iphonesimulator macosx";
				SWIFT_EMIT_LOC_STRINGS = NO;
				SWIFT_VERSION = 5.0;
				TARGETED_DEVICE_FAMILY = "1,2";
				TEST_TARGET_NAME = Qr;
			};
			name = Release;
		};
/* End XCBuildConfiguration section */

/* Begin XCConfigurationList section */
		9C9941662BCED7A100C8D263 /* Build configuration list for PBXProject "Qr" */ = {
			isa = XCConfigurationList;
			buildConfigurations = (
				9C99418E2BCED7A400C8D263 /* Debug */,
				9C99418F2BCED7A400C8D263 /* Release */,
			);
			defaultConfigurationIsVisible = 0;
			defaultConfigurationName = Release;
		};
		9C9941902BCED7A400C8D263 /* Build configuration list for PBXNativeTarget "Qr" */ = {
			isa = XCConfigurationList;
			buildConfigurations = (
				9C9941912BCED7A400C8D263 /* Debug */,
				9C9941922BCED7A400C8D263 /* Release */,
			);
			defaultConfigurationIsVisible = 0;
			defaultConfigurationName = Release;
		};
		9C9941932BCED7A400C8D263 /* Build configuration list for PBXNativeTarget "QrTests" */ = {
			isa = XCConfigurationList;
			buildConfigurations = (
				9C9941942BCED7A400C8D263 /* Debug */,
				9C9941952BCED7A400C8D263 /* Release */,
			);
			defaultConfigurationIsVisible = 0;
			defaultConfigurationName = Release;
		};
		9C9941962BCED7A400C8D263 /* Build configuration list for PBXNativeTarget "QrUITests" */ = {
			isa = XCConfigurationList;
			buildConfigurations = (
				9C9941972BCED7A400C8D263 /* Debug */,
				9C9941982BCED7A400C8D263 /* Release */,
			);
			defaultConfigurationIsVisible = 0;
			defaultConfigurationName = Release;
		};
/* End XCConfigurationList section */

/* Begin XCRemoteSwiftPackageReference section */
		9CEE2F0E2BCEDF4700242C1D /* XCRemoteSwiftPackageReference "pixelates" */ = {
			isa = XCRemoteSwiftPackageReference;
			repositoryURL = "https://github.com/abhip2565/pixelates";
			requirement = {
				branch = main;
				kind = branch;
			};
		};
/* End XCRemoteSwiftPackageReference section */

/* Begin XCSwiftPackageProductDependency section */
		9CEE2EFB2BCEDAA900242C1D /* pixelpass */ = {
			isa = XCSwiftPackageProductDependency;
			productName = pixelpass;
		};
		9CEE2EFE2BCEDB5E00242C1D /* pixelpass */ = {
			isa = XCSwiftPackageProductDependency;
			productName = pixelpass;
		};
		9CEE2F012BCEDC0E00242C1D /* pixelpass */ = {
			isa = XCSwiftPackageProductDependency;
			productName = pixelpass;
		};
		9CEE2F042BCEDC7500242C1D /* pixelpass */ = {
			isa = XCSwiftPackageProductDependency;
			productName = pixelpass;
		};
		9CEE2F072BCEDD1500242C1D /* pixelpass */ = {
			isa = XCSwiftPackageProductDependency;
			productName = pixelpass;
		};
		9CEE2F092BCEDDCE00242C1D /* pixelpass */ = {
			isa = XCSwiftPackageProductDependency;
			productName = pixelpass;
		};
		9CEE2F0C2BCEDDEE00242C1D /* pixelpass */ = {
			isa = XCSwiftPackageProductDependency;
			productName = pixelpass;
		};
		9CEE2F0F2BCEDF4700242C1D /* pixelpass */ = {
			isa = XCSwiftPackageProductDependency;
			package = 9CEE2F0E2BCEDF4700242C1D /* XCRemoteSwiftPackageReference "pixelates" */;
			productName = pixelpass;
		};
/* End XCSwiftPackageProductDependency section */
	};
	rootObject = 9C9941632BCED7A100C8D263 /* Project object */;
}
